
Microsoft Visual Studio Solution File, Format Version 12.00
# Visual Studio Version 17
VisualStudioVersion = 17.0.31903.59
MinimumVisualStudioVersion = 10.0.40219.1
Project("{FAE04EC0-301F-11D3-BF4B-00C04F79EFBC}") = "Lockd.Core", "Lockd.Core\Lockd.Core.csproj", "{C2B9DEE2-4F23-4028-A829-A1F066B46AAB}"
EndProject
Project("{FAE04EC0-301F-11D3-BF4B-00C04F79EFBC}") = "Lockd.Desktop", "Lockd.Desktop\Lockd.Desktop.csproj", "{8C1B9F7D-343F-4CEE-BFA4-31B361F5031D}"
EndProject
Global
	GlobalSection(SolutionConfigurationPlatforms) = preSolution
		Debug|Any CPU = Debug|Any CPU
		Debug|x64 = Debug|x64
		Debug|x86 = Debug|x86
		Release|Any CPU = Release|Any CPU
		Release|x64 = Release|x64
		Release|x86 = Release|x86
	EndGlobalSection
	GlobalSection(ProjectConfigurationPlatforms) = postSolution
		{C2B9DEE2-4F23-4028-A829-A1F066B46AAB}.Debug|Any CPU.ActiveCfg = Debug|Any CPU
		{C2B9DEE2-4F23-4028-A829-A1F066B46AAB}.Debug|Any CPU.Build.0 = Debug|Any CPU
		{C2B9DEE2-4F23-4028-A829-A1F066B46AAB}.Debug|x64.ActiveCfg = Debug|Any CPU
		{C2B9DEE2-4F23-4028-A829-A1F066B46AAB}.Debug|x64.Build.0 = Debug|Any CPU
		{C2B9DEE2-4F23-4028-A829-A1F066B46AAB}.Debug|x86.ActiveCfg = Debug|Any CPU
		{C2B9DEE2-4F23-4028-A829-A1F066B46AAB}.Debug|x86.Build.0 = Debug|Any CPU
		{C2B9DEE2-4F23-4028-A829-A1F066B46AAB}.Release|Any CPU.ActiveCfg = Release|Any CPU
		{C2B9DEE2-4F23-4028-A829-A1F066B46AAB}.Release|Any CPU.Build.0 = Release|Any CPU
		{C2B9DEE2-4F23-4028-A829-A1F066B46AAB}.Release|x64.ActiveCfg = Release|Any CPU
		{C2B9DEE2-4F23-4028-A829-A1F066B46AAB}.Release|x64.Build.0 = Release|Any CPU
		{C2B9DEE2-4F23-4028-A829-A1F066B46AAB}.Release|x86.ActiveCfg = Release|Any CPU
		{C2B9DEE2-4F23-4028-A829-A1F066B46AAB}.Release|x86.Build.0 = Release|Any CPU
		{8C1B9F7D-343F-4CEE-BFA4-31B361F5031D}.Debug|Any CPU.ActiveCfg = Debug|Any CPU
		{8C1B9F7D-343F-4CEE-BFA4-31B361F5031D}.Debug|Any CPU.Build.0 = Debug|Any CPU
		{8C1B9F7D-343F-4CEE-BFA4-31B361F5031D}.Debug|x64.ActiveCfg = Debug|Any CPU
		{8C1B9F7D-343F-4CEE-BFA4-31B361F5031D}.Debug|x64.Build.0 = Debug|Any CPU
		{8C1B9F7D-343F-4CEE-BFA4-31B361F5031D}.Debug|x86.ActiveCfg = Debug|Any CPU
		{8C1B9F7D-343F-4CEE-BFA4-31B361F5031D}.Debug|x86.Build.0 = Debug|Any CPU
		{8C1B9F7D-343F-4CEE-BFA4-31B361F5031D}.Release|Any CPU.ActiveCfg = Release|Any CPU
		{8C1B9F7D-343F-4CEE-BFA4-31B361F5031D}.Release|Any CPU.Build.0 = Release|Any CPU
		{8C1B9F7D-343F-4CEE-BFA4-31B361F5031D}.Release|x64.ActiveCfg = Release|Any CPU
		{8C1B9F7D-343F-4CEE-BFA4-31B361F5031D}.Release|x64.Build.0 = Release|Any CPU
		{8C1B9F7D-343F-4CEE-BFA4-31B361F5031D}.Release|x86.ActiveCfg = Release|Any CPU
		{8C1B9F7D-343F-4CEE-BFA4-31B361F5031D}.Release|x86.Build.0 = Release|Any CPU
	EndGlobalSection
	GlobalSection(SolutionProperties) = preSolution
		HideSolutionNode = FALSE
	EndGlobalSection
EndGlobal
